
Microsoft Visual Studio Solution File, Format Version 12.00
Project("{FAE04EC0-301F-11D3-BF4B-00C04F79EFBC}") = "OhMySandwich.Domain", "OhMySandwich.Domain\OhMySandwich.Domain.csproj", "{DE07439F-3AF7-4B54-978D-B19E44267DD6}"
EndProject
Project("{FAE04EC0-301F-11D3-BF4B-00C04F79EFBC}") = "OhMySandwich.Infrastructure", "OhMySandwich.Infrastructure\OhMySandwich.Infrastructure.csproj", "{8B37BE95-5E5F-4945-A775-4C0EDFC94A91}"
EndProject
Project("{FAE04EC0-301F-11D3-BF4B-00C04F79EFBC}") = "OhMySandwich.CLI", "OhMySandwich.CLI\OhMySandwich.CLI.csproj", "{FD5255C0-FD38-4E06-A40C-81BB0C1DD211}"
EndProject
Global
	GlobalSection(SolutionConfigurationPlatforms) = preSolution
		Debug|Any CPU = Debug|Any CPU
		Release|Any CPU = Release|Any CPU
	EndGlobalSection
	GlobalSection(ProjectConfigurationPlatforms) = postSolution
		{DE07439F-3AF7-4B54-978D-B19E44267DD6}.Debug|Any CPU.ActiveCfg = Debug|Any CPU
		{DE07439F-3AF7-4B54-978D-B19E44267DD6}.Debug|Any CPU.Build.0 = Debug|Any CPU
		{DE07439F-3AF7-4B54-978D-B19E44267DD6}.Release|Any CPU.ActiveCfg = Release|Any CPU
		{DE07439F-3AF7-4B54-978D-B19E44267DD6}.Release|Any CPU.Build.0 = Release|Any CPU
		{8B37BE95-5E5F-4945-A775-4C0EDFC94A91}.Debug|Any CPU.ActiveCfg = Debug|Any CPU
		{8B37BE95-5E5F-4945-A775-4C0EDFC94A91}.Debug|Any CPU.Build.0 = Debug|Any CPU
		{8B37BE95-5E5F-4945-A775-4C0EDFC94A91}.Release|Any CPU.ActiveCfg = Release|Any CPU
		{8B37BE95-5E5F-4945-A775-4C0EDFC94A91}.Release|Any CPU.Build.0 = Release|Any CPU
		{FD5255C0-FD38-4E06-A40C-81BB0C1DD211}.Debug|Any CPU.ActiveCfg = Debug|Any CPU
		{FD5255C0-FD38-4E06-A40C-81BB0C1DD211}.Debug|Any CPU.Build.0 = Debug|Any CPU
		{FD5255C0-FD38-4E06-A40C-81BB0C1DD211}.Release|Any CPU.ActiveCfg = Release|Any CPU
		{FD5255C0-FD38-4E06-A40C-81BB0C1DD211}.Release|Any CPU.Build.0 = Release|Any CPU
	EndGlobalSection
EndGlobal
